
Microsoft Visual Studio Solution File, Format Version 12.00
# Visual Studio Version 17
VisualStudioVersion = 17.12.35527.113 d17.12
MinimumVisualStudioVersion = 10.0.40219.1
Project("{FAE04EC0-301F-11D3-BF4B-00C04F79EFBC}") = "DataWebDev", "DataWebDev.csproj", "{016C4B11-0985-441D-B5A0-7CF0E18BFB2C}"
EndProject
Global
	GlobalSection(SolutionConfigurationPlatforms) = preSolution
		Debug|Any CPU = Debug|Any CPU
		Release|Any CPU = Release|Any CPU
	EndGlobalSection
	GlobalSection(ProjectConfigurationPlatforms) = postSolution
		{016C4B11-0985-441D-B5A0-7CF0E18BFB2C}.Debug|Any CPU.ActiveCfg = Debug|Any CPU
		{016C4B11-0985-441D-B5A0-7CF0E18BFB2C}.Debug|Any CPU.Build.0 = Debug|Any CPU
		{016C4B11-0985-441D-B5A0-7CF0E18BFB2C}.Release|Any CPU.ActiveCfg = Release|Any CPU
		{016C4B11-0985-441D-B5A0-7CF0E18BFB2C}.Release|Any CPU.Build.0 = Release|Any CPU
	EndGlobalSection
	GlobalSection(SolutionProperties) = preSolution
		HideSolutionNode = FALSE
	EndGlobalSection
EndGlobal
